{"format_version":"1.1","terraform_version":"1.3.6","variables":{"access_key":{"value":"AKIAX2DFMAKP65JT4OOF"},"availability_zones":{"value":["us-east-2a","us-east-2c"]},"ecs_prod_backend_retention_days":{"value":30},"prod_rds_db_name":{"value":"django_aws"},"prod_rds_instance_class":{"value":"db.t4g.micro"},"prod_rds_password":{"value":"postgres"},"prod_rds_username":{"value":"django_aws"},"project_name":{"value":"django-aws"},"region":{"value":"us-east-2"},"secret_key":{"value":"NMfcaRMGhAhO1mISCdoptGSVCccxbnd/gqCaNR98"}},"planned_values":{"outputs":{"prod_lb_domain":{"sensitive":false}},"root_module":{"resources":[{"address":"aws_cloudwatch_log_group.prod_backend","mode":"managed","type":"aws_cloudwatch_log_group","name":"prod_backend","provider_name":"registry.terraform.io/hashicorp/aws","schema_version":0,"values":{"kms_key_id":null,"name":"prod-backend","name_prefix":null,"retention_in_days":30,"tags":null},"sensitive_values":{"tags_all":{}}},{"address":"aws_cloudwatch_log_stream.prod_backend_web","mode":"managed","type":"aws_cloudwatch_log_stream","name":"prod_backend_web","provider_name":"registry.terraform.io/hashicorp/aws","schema_version":0,"values":{"log_group_name":"prod-backend","name":"prod-backend-web"},"sensitive_values":{}},{"address":"aws_db_instance.prod","mode":"managed","type":"aws_db_instance","name":"prod","provider_name":"registry.terraform.io/hashicorp/aws","schema_version":1,"values":{"allocated_storage":20,"allow_major_version_upgrade":null,"auto_minor_version_upgrade":true,"backup_retention_period":5,"copy_tags_to_snapshot":false,"custom_iam_instance_profile":null,"customer_owned_ip_enabled":null,"db_name":"django_aws","db_subnet_group_name":"prod","delete_automated_backups":true,"deletion_protection":null,"domain":null,"domain_iam_role_name":null,"enabled_cloudwatch_logs_exports":null,"engine":"postgres","engine_version":"14.3","final_snapshot_identifier":null,"iam_database_authentication_enabled":null,"identifier":"prod","instance_class":"db.t4g.micro","iops":null,"max_allocated_storage":null,"monitoring_interval":0,"multi_az":false,"password":"postgres","performance_insights_enabled":false,"port":5432,"publicly_accessible":false,"replicate_source_db":null,"restore_to_point_in_time":[],"s3_import":[],"security_group_names":null,"skip_final_snapshot":true,"storage_encrypted":false,"storage_type":"gp2","tags":null,"timeouts":null,"username":"django_aws"},"sensitive_values":{"replicas":[],"restore_to_point_in_time":[],"s3_import":[],"tags_all":{},"vpc_security_group_ids":[]}},{"address":"aws_db_subnet_group.prod","mode":"managed","type":"aws_db_subnet_group","name":"prod","provider_name":"registry.terraform.io/hashicorp/aws","schema_version":0,"values":{"description":"Managed by Terraform","name":"prod","tags":null},"sensitive_values":{"subnet_ids":[],"supported_network_types":[],"tags_all":{}}},{"address":"aws_ecr_repository.backend","mode":"managed","type":"aws_ecr_repository","name":"backend","provider_name":"registry.terraform.io/hashicorp/aws","schema_version":0,"values":{"encryption_configuration":[],"force_delete":null,"image_scanning_configuration":[],"image_tag_mutability":"MUTABLE","name":"django-aws-backend","tags":null,"timeouts":null},"sensitive_values":{"encryption_configuration":[],"image_scanning_configuration":[],"tags_all":{}}},{"address":"aws_ecs_cluster.prod","mode":"managed","type":"aws_ecs_cluster","name":"prod","provider_name":"registry.terraform.io/hashicorp/aws","schema_version":0,"values":{"configuration":[],"name":"prod","tags":null},"sensitive_values":{"capacity_providers":[],"configuration":[],"default_capacity_provider_strategy":[],"setting":[],"tags_all":{}}},{"address":"aws_ecs_service.prod_backend_web","mode":"managed","type":"aws_ecs_service","name":"prod_backend_web","provider_name":"registry.terraform.io/hashicorp/aws","schema_version":0,"values":{"capacity_provider_strategy":[],"deployment_circuit_breaker":[],"deployment_controller":[],"deployment_maximum_percent":200,"deployment_minimum_healthy_percent":50,"desired_count":1,"enable_ecs_managed_tags":false,"enable_execute_command":true,"force_new_deployment":null,"health_check_grace_period_seconds":null,"launch_type":"FARGATE","load_balancer":[{"container_name":"prod-backend-web","container_port":8000,"elb_name":""}],"name":"prod-backend-web","network_configuration":[{"assign_public_ip":false}],"ordered_placement_strategy":[],"placement_constraints":[],"propagate_tags":null,"scheduling_strategy":"REPLICA","service_registries":[],"tags":null,"timeouts":null,"wait_for_steady_state":false},"sensitive_values":{"capacity_provider_strategy":[],"deployment_circuit_breaker":[],"deployment_controller":[],"load_balancer":[{}],"network_configuration":[{"security_groups":[],"subnets":[]}],"ordered_placement_strategy":[],"placement_constraints":[],"service_registries":[],"tags_all":{}}},{"address":"aws_ecs_task_definition.prod_backend_web","mode":"managed","type":"aws_ecs_task_definition","name":"prod_backend_web","provider_name":"registry.terraform.io/hashicorp/aws","schema_version":1,"values":{"cpu":"512","ephemeral_storage":[],"family":"backend-web","inference_accelerator":[],"ipc_mode":null,"memory":"1024","network_mode":"awsvpc","pid_mode":null,"placement_constraints":[],"proxy_configuration":[],"requires_compatibilities":["FARGATE"],"runtime_platform":[],"skip_destroy":false,"tags":null,"volume":[]},"sensitive_values":{"ephemeral_storage":[],"inference_accelerator":[],"placement_constraints":[],"proxy_configuration":[],"requires_compatibilities":[false],"runtime_platform":[],"tags_all":{},"volume":[]}},{"address":"aws_eip.prod_nat_gateway","mode":"managed","type":"aws_eip","name":"prod_nat_gateway","provider_name":"registry.terraform.io/hashicorp/aws","schema_version":0,"values":{"address":null,"associate_with_private_ip":"10.0.0.5","customer_owned_ipv4_pool":null,"tags":null,"timeouts":null,"vpc":true},"sensitive_values":{"tags_all":{}}},{"address":"aws_iam_role.ecs_task_execution","mode":"managed","type":"aws_iam_role","name":"ecs_task_execution","provider_name":"registry.terraform.io/hashicorp/aws","schema_version":0,"values":{"assume_role_policy":"{\"Statement\":[{\"Action\":\"sts:AssumeRole\",\"Effect\":\"Allow\",\"Principal\":{\"Service\":\"ecs-tasks.amazonaws.com\"},\"Sid\":\"\"}],\"Version\":\"2012-10-17\"}","description":null,"force_detach_policies":false,"max_session_duration":3600,"name":"ecs-task-execution","path":"/","permissions_boundary":null,"tags":null},"sensitive_values":{"inline_policy":[],"managed_policy_arns":[],"tags_all":{}}},{"address":"aws_iam_role.prod_backend_task","mode":"managed","type":"aws_iam_role","name":"prod_backend_task","provider_name":"registry.terraform.io/hashicorp/aws","schema_version":0,"values":{"assume_role_policy":"{\"Statement\":[{\"Action\":\"sts:AssumeRole\",\"Effect\":\"Allow\",\"Principal\":{\"Service\":\"ecs-tasks.amazonaws.com\"},\"Sid\":\"\"}],\"Version\":\"2012-10-17\"}","description":null,"force_detach_policies":false,"inline_policy":[{"name":"prod-backend-task-ssmmessages","policy":"{\"Statement\":[{\"Action\":[\"ssmmessages:CreateControlChannel\",\"ssmmessages:CreateDataChannel\",\"ssmmessages:OpenControlChannel\",\"ssmmessages:OpenDataChannel\"],\"Effect\":\"Allow\",\"Resource\":\"*\"}],\"Version\":\"2012-10-17\"}"}],"max_session_duration":3600,"name":"prod-backend-task","path":"/","permissions_boundary":null,"tags":null},"sensitive_values":{"inline_policy":[{}],"managed_policy_arns":[],"tags_all":{}}},{"address":"aws_iam_role_policy_attachment.ecs-task-execution-role-policy-attachment","mode":"managed","type":"aws_iam_role_policy_attachment","name":"ecs-task-execution-role-policy-attachment","provider_name":"registry.terraform.io/hashicorp/aws","schema_version":0,"values":{"policy_arn":"arn:aws:iam::aws:policy/service-role/AmazonECSTaskExecutionRolePolicy","role":"ecs-task-execution"},"sensitive_values":{}},{"address":"aws_internet_gateway.prod","mode":"managed","type":"aws_internet_gateway","name":"prod","provider_name":"registry.terraform.io/hashicorp/aws","schema_version":0,"values":{"tags":null,"timeouts":null},"sensitive_values":{"tags_all":{}}},{"address":"aws_lb.prod","mode":"managed","type":"aws_lb","name":"prod","provider_name":"registry.terraform.io/hashicorp/aws","schema_version":0,"values":{"access_logs":[],"customer_owned_ipv4_pool":null,"desync_mitigation_mode":"defensive","drop_invalid_header_fields":false,"enable_cross_zone_load_balancing":null,"enable_deletion_protection":false,"enable_http2":true,"enable_waf_fail_open":false,"idle_timeout":60,"internal":false,"load_balancer_type":"application","name":"prod","name_prefix":null,"preserve_host_header":false,"tags":null,"timeouts":null},"sensitive_values":{"access_logs":[],"security_groups":[],"subnet_mapping":[],"subnets":[],"tags_all":{}}},{"address":"aws_lb_listener.prod_http","mode":"managed","type":"aws_lb_listener","name":"prod_http","provider_name":"registry.terraform.io/hashicorp/aws","schema_version":0,"values":{"alpn_policy":null,"certificate_arn":null,"default_action":[{"authenticate_cognito":[],"authenticate_oidc":[],"fixed_response":[],"forward":[],"redirect":[],"type":"forward"}],"port":80,"protocol":"HTTP","tags":null,"timeouts":null},"sensitive_values":{"default_action":[{"authenticate_cognito":[],"authenticate_oidc":[],"fixed_response":[],"forward":[],"redirect":[]}],"tags_all":{}}},{"address":"aws_lb_target_group.prod_backend","mode":"managed","type":"aws_lb_target_group","name":"prod_backend","provider_name":"registry.terraform.io/hashicorp/aws","schema_version":0,"values":{"connection_termination":false,"deregistration_delay":"300","health_check":[{"enabled":true,"healthy_threshold":5,"interval":5,"matcher":"200","path":"/","port":"traffic-port","protocol":"HTTP","timeout":2,"unhealthy_threshold":2}],"lambda_multi_value_headers_enabled":false,"name":"prod-backend","name_prefix":null,"port":80,"protocol":"HTTP","proxy_protocol_v2":false,"slow_start":0,"tags":null,"target_type":"ip"},"sensitive_values":{"health_check":[{}],"stickiness":[],"tags_all":{}}},{"address":"aws_nat_gateway.prod","mode":"managed","type":"aws_nat_gateway","name":"prod","provider_name":"registry.terraform.io/hashicorp/aws","schema_version":0,"values":{"connectivity_type":"public","tags":null},"sensitive_values":{"tags_all":{}}},{"address":"aws_route.prod_internet_gateway","mode":"managed","type":"aws_route","name":"prod_internet_gateway","provider_name":"registry.terraform.io/hashicorp/aws","schema_version":0,"values":{"carrier_gateway_id":null,"core_network_arn":null,"destination_cidr_block":"0.0.0.0/0","destination_ipv6_cidr_block":null,"destination_prefix_list_id":null,"egress_only_gateway_id":null,"local_gateway_id":null,"nat_gateway_id":null,"timeouts":null,"transit_gateway_id":null,"vpc_endpoint_id":null,"vpc_peering_connection_id":null},"sensitive_values":{}},{"address":"aws_route.prod_nat_gateway","mode":"managed","type":"aws_route","name":"prod_nat_gateway","provider_name":"registry.terraform.io/hashicorp/aws","schema_version":0,"values":{"carrier_gateway_id":null,"core_network_arn":null,"destination_cidr_block":"0.0.0.0/0","destination_ipv6_cidr_block":null,"destination_prefix_list_id":null,"egress_only_gateway_id":null,"gateway_id":null,"local_gateway_id":null,"timeouts":null,"transit_gateway_id":null,"vpc_endpoint_id":null,"vpc_peering_connection_id":null},"sensitive_values":{}},{"address":"aws_route_table.prod_private","mode":"managed","type":"aws_route_table","name":"prod_private","provider_name":"registry.terraform.io/hashicorp/aws","schema_version":0,"values":{"tags":null,"timeouts":null},"sensitive_values":{"propagating_vgws":[],"route":[],"tags_all":{}}},{"address":"aws_route_table.prod_public","mode":"managed","type":"aws_route_table","name":"prod_public","provider_name":"registry.terraform.io/hashicorp/aws","schema_version":0,"values":{"tags":null,"timeouts":null},"sensitive_values":{"propagating_vgws":[],"route":[],"tags_all":{}}},{"address":"aws_route_table_association.private_1","mode":"managed","type":"aws_route_table_association","name":"private_1","provider_name":"registry.terraform.io/hashicorp/aws","schema_version":0,"values":{"gateway_id":null},"sensitive_values":{}},{"address":"aws_route_table_association.private_2","mode":"managed","type":"aws_route_table_association","name":"private_2","provider_name":"registry.terraform.io/hashicorp/aws","schema_version":0,"values":{"gateway_id":null},"sensitive_values":{}},{"address":"aws_route_table_association.prod_public_1","mode":"managed","type":"aws_route_table_association","name":"prod_public_1","provider_name":"registry.terraform.io/hashicorp/aws","schema_version":0,"values":{"gateway_id":null},"sensitive_values":{}},{"address":"aws_route_table_association.prod_public_2","mode":"managed","type":"aws_route_table_association","name":"prod_public_2","provider_name":"registry.terraform.io/hashicorp/aws","schema_version":0,"values":{"gateway_id":null},"sensitive_values":{}},{"address":"aws_security_group.prod_ecs_backend","mode":"managed","type":"aws_security_group","name":"prod_ecs_backend","provider_name":"registry.terraform.io/hashicorp/aws","schema_version":1,"values":{"description":"Managed by Terraform","egress":[{"cidr_blocks":["0.0.0.0/0"],"description":"","from_port":0,"ipv6_cidr_blocks":[],"prefix_list_ids":[],"protocol":"-1","security_groups":[],"self":false,"to_port":0}],"ingress":[{"cidr_blocks":[],"description":"","from_port":0,"ipv6_cidr_blocks":[],"prefix_list_ids":[],"protocol":"-1","self":false,"to_port":0}],"name":"prod-ecs-backend","revoke_rules_on_delete":false,"tags":null,"timeouts":null},"sensitive_values":{"egress":[{"cidr_blocks":[false],"ipv6_cidr_blocks":[],"prefix_list_ids":[],"security_groups":[]}],"ingress":[{"cidr_blocks":[],"ipv6_cidr_blocks":[],"prefix_list_ids":[],"security_groups":[]}],"tags_all":{}}},{"address":"aws_security_group.prod_lb","mode":"managed","type":"aws_security_group","name":"prod_lb","provider_name":"registry.terraform.io/hashicorp/aws","schema_version":1,"values":{"description":"Controls access to the ALB","egress":[{"cidr_blocks":["0.0.0.0/0"],"description":"","from_port":0,"ipv6_cidr_blocks":[],"prefix_list_ids":[],"protocol":"-1","security_groups":[],"self":false,"to_port":0}],"ingress":[{"cidr_blocks":["0.0.0.0/0"],"description":"","from_port":443,"ipv6_cidr_blocks":[],"prefix_list_ids":[],"protocol":"tcp","security_groups":[],"self":false,"to_port":443},{"cidr_blocks":["0.0.0.0/0"],"description":"","from_port":80,"ipv6_cidr_blocks":[],"prefix_list_ids":[],"protocol":"tcp","security_groups":[],"self":false,"to_port":80}],"name":"prod-lb","revoke_rules_on_delete":false,"tags":null,"timeouts":null},"sensitive_values":{"egress":[{"cidr_blocks":[false],"ipv6_cidr_blocks":[],"prefix_list_ids":[],"security_groups":[]}],"ingress":[{"cidr_blocks":[false],"ipv6_cidr_blocks":[],"prefix_list_ids":[],"security_groups":[]},{"cidr_blocks":[false],"ipv6_cidr_blocks":[],"prefix_list_ids":[],"security_groups":[]}],"tags_all":{}}},{"address":"aws_security_group.rds_prod","mode":"managed","type":"aws_security_group","name":"rds_prod","provider_name":"registry.terraform.io/hashicorp/aws","schema_version":1,"values":{"description":"Managed by Terraform","egress":[{"cidr_blocks":["0.0.0.0/0"],"description":"","from_port":0,"ipv6_cidr_blocks":[],"prefix_list_ids":[],"protocol":"-1","security_groups":[],"self":false,"to_port":0}],"ingress":[{"cidr_blocks":[],"description":"","from_port":5432,"ipv6_cidr_blocks":[],"prefix_list_ids":[],"protocol":"tcp","self":false,"to_port":5432}],"name":"rds-prod","revoke_rules_on_delete":false,"tags":null,"timeouts":null},"sensitive_values":{"egress":[{"cidr_blocks":[false],"ipv6_cidr_blocks":[],"prefix_list_ids":[],"security_groups":[]}],"ingress":[{"cidr_blocks":[],"ipv6_cidr_blocks":[],"prefix_list_ids":[],"security_groups":[]}],"tags_all":{}}},{"address":"aws_subnet.prod_private_1","mode":"managed","type":"aws_subnet","name":"prod_private_1","provider_name":"registry.terraform.io/hashicorp/aws","schema_version":1,"values":{"assign_ipv6_address_on_creation":false,"availability_zone":"us-east-2a","cidr_block":"10.0.3.0/24","customer_owned_ipv4_pool":null,"enable_dns64":false,"enable_resource_name_dns_a_record_on_launch":false,"enable_resource_name_dns_aaaa_record_on_launch":false,"ipv6_cidr_block":null,"ipv6_native":false,"map_customer_owned_ip_on_launch":null,"map_public_ip_on_launch":false,"outpost_arn":null,"tags":{"Name":"prod-private-1"},"tags_all":{"Name":"prod-private-1"},"timeouts":null},"sensitive_values":{"tags":{},"tags_all":{}}},{"address":"aws_subnet.prod_private_2","mode":"managed","type":"aws_subnet","name":"prod_private_2","provider_name":"registry.terraform.io/hashicorp/aws","schema_version":1,"values":{"assign_ipv6_address_on_creation":false,"availability_zone":"us-east-2c","cidr_block":"10.0.4.0/24","customer_owned_ipv4_pool":null,"enable_dns64":false,"enable_resource_name_dns_a_record_on_launch":false,"enable_resource_name_dns_aaaa_record_on_launch":false,"ipv6_cidr_block":null,"ipv6_native":false,"map_customer_owned_ip_on_launch":null,"map_public_ip_on_launch":false,"outpost_arn":null,"tags":{"Name":"prod-private-2"},"tags_all":{"Name":"prod-private-2"},"timeouts":null},"sensitive_values":{"tags":{},"tags_all":{}}},{"address":"aws_subnet.prod_public_1","mode":"managed","type":"aws_subnet","name":"prod_public_1","provider_name":"registry.terraform.io/hashicorp/aws","schema_version":1,"values":{"assign_ipv6_address_on_creation":false,"availability_zone":"us-east-2a","cidr_block":"10.0.1.0/24","customer_owned_ipv4_pool":null,"enable_dns64":false,"enable_resource_name_dns_a_record_on_launch":false,"enable_resource_name_dns_aaaa_record_on_launch":false,"ipv6_cidr_block":null,"ipv6_native":false,"map_customer_owned_ip_on_launch":null,"map_public_ip_on_launch":false,"outpost_arn":null,"tags":{"Name":"prod-public-1"},"tags_all":{"Name":"prod-public-1"},"timeouts":null},"sensitive_values":{"tags":{},"tags_all":{}}},{"address":"aws_subnet.prod_public_2","mode":"managed","type":"aws_subnet","name":"prod_public_2","provider_name":"registry.terraform.io/hashicorp/aws","schema_version":1,"values":{"assign_ipv6_address_on_creation":false,"availability_zone":"us-east-2c","cidr_block":"10.0.2.0/24","customer_owned_ipv4_pool":null,"enable_dns64":false,"enable_resource_name_dns_a_record_on_launch":false,"enable_resource_name_dns_aaaa_record_on_launch":false,"ipv6_cidr_block":null,"ipv6_native":false,"map_customer_owned_ip_on_launch":null,"map_public_ip_on_launch":false,"outpost_arn":null,"tags":{"Name":"prod-public-2"},"tags_all":{"Name":"prod-public-2"},"timeouts":null},"sensitive_values":{"tags":{},"tags_all":{}}},{"address":"aws_vpc.prod","mode":"managed","type":"aws_vpc","name":"prod","provider_name":"registry.terraform.io/hashicorp/aws","schema_version":1,"values":{"assign_generated_ipv6_cidr_block":null,"cidr_block":"10.0.0.0/16","enable_dns_hostnames":true,"enable_dns_support":true,"instance_tenancy":"default","ipv4_ipam_pool_id":null,"ipv4_netmask_length":null,"ipv6_ipam_pool_id":null,"ipv6_netmask_length":null,"tags":null},"sensitive_values":{"tags_all":{}}}]}},"resource_changes":[{"address":"aws_cloudwatch_log_group.prod_backend","mode":"managed","type":"aws_cloudwatch_log_group","name":"prod_backend","provider_name":"registry.terraform.io/hashicorp/aws","change":{"actions":["create"],"before":null,"after":{"kms_key_id":null,"name":"prod-backend","name_prefix":null,"retention_in_days":30,"tags":null},"after_unknown":{"arn":true,"id":true,"tags_all":true},"before_sensitive":false,"after_sensitive":{"tags_all":{}}}},{"address":"aws_cloudwatch_log_stream.prod_backend_web","mode":"managed","type":"aws_cloudwatch_log_stream","name":"prod_backend_web","provider_name":"registry.terraform.io/hashicorp/aws","change":{"actions":["create"],"before":null,"after":{"log_group_name":"prod-backend","name":"prod-backend-web"},"after_unknown":{"arn":true,"id":true},"before_sensitive":false,"after_sensitive":{}}},{"address":"aws_db_instance.prod","mode":"managed","type":"aws_db_instance","name":"prod","provider_name":"registry.terraform.io/hashicorp/aws","change":{"actions":["create"],"before":null,"after":{"allocated_storage":20,"allow_major_version_upgrade":null,"auto_minor_version_upgrade":true,"backup_retention_period":5,"copy_tags_to_snapshot":false,"custom_iam_instance_profile":null,"customer_owned_ip_enabled":null,"db_name":"django_aws","db_subnet_group_name":"prod","delete_automated_backups":true,"deletion_protection":null,"domain":null,"domain_iam_role_name":null,"enabled_cloudwatch_logs_exports":null,"engine":"postgres","engine_version":"14.3","final_snapshot_identifier":null,"iam_database_authentication_enabled":null,"identifier":"prod","instance_class":"db.t4g.micro","iops":null,"max_allocated_storage":null,"monitoring_interval":0,"multi_az":false,"password":"postgres","performance_insights_enabled":false,"port":5432,"publicly_accessible":false,"replicate_source_db":null,"restore_to_point_in_time":[],"s3_import":[],"security_group_names":null,"skip_final_snapshot":true,"storage_encrypted":false,"storage_type":"gp2","tags":null,"timeouts":null,"username":"django_aws"},"after_unknown":{"address":true,"apply_immediately":true,"arn":true,"availability_zone":true,"backup_window":true,"ca_cert_identifier":true,"character_set_name":true,"endpoint":true,"engine_version_actual":true,"hosted_zone_id":true,"id":true,"identifier_prefix":true,"kms_key_id":true,"latest_restorable_time":true,"license_model":true,"maintenance_window":true,"monitoring_role_arn":true,"name":true,"nchar_character_set_name":true,"network_type":true,"option_group_name":true,"parameter_group_name":true,"performance_insights_kms_key_id":true,"performance_insights_retention_period":true,"replica_mode":true,"replicas":true,"resource_id":true,"restore_to_point_in_time":[],"s3_import":[],"snapshot_identifier":true,"status":true,"tags_all":true,"timezone":true,"vpc_security_group_ids":true},"before_sensitive":false,"after_sensitive":{"password":true,"replicas":[],"restore_to_point_in_time":[],"s3_import":[],"tags_all":{},"vpc_security_group_ids":[]}}},{"address":"aws_db_subnet_group.prod","mode":"managed","type":"aws_db_subnet_group","name":"prod","provider_name":"registry.terraform.io/hashicorp/aws","change":{"actions":["create"],"before":null,"after":{"description":"Managed by Terraform","name":"prod","tags":null},"after_unknown":{"arn":true,"id":true,"name_prefix":true,"subnet_ids":true,"supported_network_types":true,"tags_all":true},"before_sensitive":false,"after_sensitive":{"subnet_ids":[],"supported_network_types":[],"tags_all":{}}}},{"address":"aws_ecr_repository.backend","mode":"managed","type":"aws_ecr_repository","name":"backend","provider_name":"registry.terraform.io/hashicorp/aws","change":{"actions":["create"],"before":null,"after":{"encryption_configuration":[],"force_delete":null,"image_scanning_configuration":[],"image_tag_mutability":"MUTABLE","name":"django-aws-backend","tags":null,"timeouts":null},"after_unknown":{"arn":true,"encryption_configuration":[],"id":true,"image_scanning_configuration":[],"registry_id":true,"repository_url":true,"tags_all":true},"before_sensitive":false,"after_sensitive":{"encryption_configuration":[],"image_scanning_configuration":[],"tags_all":{}}}},{"address":"aws_ecs_cluster.prod","mode":"managed","type":"aws_ecs_cluster","name":"prod","provider_name":"registry.terraform.io/hashicorp/aws","change":{"actions":["create"],"before":null,"after":{"configuration":[],"name":"prod","tags":null},"after_unknown":{"arn":true,"capacity_providers":true,"configuration":[],"default_capacity_provider_strategy":true,"id":true,"setting":true,"tags_all":true},"before_sensitive":false,"after_sensitive":{"capacity_providers":[],"configuration":[],"default_capacity_provider_strategy":[],"setting":[],"tags_all":{}}}},{"address":"aws_ecs_service.prod_backend_web","mode":"managed","type":"aws_ecs_service","name":"prod_backend_web","provider_name":"registry.terraform.io/hashicorp/aws","change":{"actions":["create"],"before":null,"after":{"capacity_provider_strategy":[],"deployment_circuit_breaker":[],"deployment_controller":[],"deployment_maximum_percent":200,"deployment_minimum_healthy_percent":50,"desired_count":1,"enable_ecs_managed_tags":false,"enable_execute_command":true,"force_new_deployment":null,"health_check_grace_period_seconds":null,"launch_type":"FARGATE","load_balancer":[{"container_name":"prod-backend-web","container_port":8000,"elb_name":""}],"name":"prod-backend-web","network_configuration":[{"assign_public_ip":false}],"ordered_placement_strategy":[],"placement_constraints":[],"propagate_tags":null,"scheduling_strategy":"REPLICA","service_registries":[],"tags":null,"timeouts":null,"wait_for_steady_state":false},"after_unknown":{"capacity_provider_strategy":[],"cluster":true,"deployment_circuit_breaker":[],"deployment_controller":[],"iam_role":true,"id":true,"load_balancer":[{"target_group_arn":true}],"network_configuration":[{"security_groups":true,"subnets":true}],"ordered_placement_strategy":[],"placement_constraints":[],"platform_version":true,"service_registries":[],"tags_all":true,"task_definition":true},"before_sensitive":false,"after_sensitive":{"capacity_provider_strategy":[],"deployment_circuit_breaker":[],"deployment_controller":[],"load_balancer":[{}],"network_configuration":[{"security_groups":[],"subnets":[]}],"ordered_placement_strategy":[],"placement_constraints":[],"service_registries":[],"tags_all":{}}}},{"address":"aws_ecs_task_definition.prod_backend_web","mode":"managed","type":"aws_ecs_task_definition","name":"prod_backend_web","provider_name":"registry.terraform.io/hashicorp/aws","change":{"actions":["create"],"before":null,"after":{"cpu":"512","ephemeral_storage":[],"family":"backend-web","inference_accelerator":[],"ipc_mode":null,"memory":"1024","network_mode":"awsvpc","pid_mode":null,"placement_constraints":[],"proxy_configuration":[],"requires_compatibilities":["FARGATE"],"runtime_platform":[],"skip_destroy":false,"tags":null,"volume":[]},"after_unknown":{"arn":true,"container_definitions":true,"ephemeral_storage":[],"execution_role_arn":true,"id":true,"inference_accelerator":[],"placement_constraints":[],"proxy_configuration":[],"requires_compatibilities":[false],"revision":true,"runtime_platform":[],"tags_all":true,"task_role_arn":true,"volume":[]},"before_sensitive":false,"after_sensitive":{"ephemeral_storage":[],"inference_accelerator":[],"placement_constraints":[],"proxy_configuration":[],"requires_compatibilities":[false],"runtime_platform":[],"tags_all":{},"volume":[]}}},{"address":"aws_eip.prod_nat_gateway","mode":"managed","type":"aws_eip","name":"prod_nat_gateway","provider_name":"registry.terraform.io/hashicorp/aws","change":{"actions":["create"],"before":null,"after":{"address":null,"associate_with_private_ip":"10.0.0.5","customer_owned_ipv4_pool":null,"tags":null,"timeouts":null,"vpc":true},"after_unknown":{"allocation_id":true,"association_id":true,"carrier_ip":true,"customer_owned_ip":true,"domain":true,"id":true,"instance":true,"network_border_group":true,"network_interface":true,"private_dns":true,"private_ip":true,"public_dns":true,"public_ip":true,"public_ipv4_pool":true,"tags_all":true},"before_sensitive":false,"after_sensitive":{"tags_all":{}}}},{"address":"aws_iam_role.ecs_task_execution","mode":"managed","type":"aws_iam_role","name":"ecs_task_execution","provider_name":"registry.terraform.io/hashicorp/aws","change":{"actions":["create"],"before":null,"after":{"assume_role_policy":"{\"Statement\":[{\"Action\":\"sts:AssumeRole\",\"Effect\":\"Allow\",\"Principal\":{\"Service\":\"ecs-tasks.amazonaws.com\"},\"Sid\":\"\"}],\"Version\":\"2012-10-17\"}","description":null,"force_detach_policies":false,"max_session_duration":3600,"name":"ecs-task-execution","path":"/","permissions_boundary":null,"tags":null},"after_unknown":{"arn":true,"create_date":true,"id":true,"inline_policy":true,"managed_policy_arns":true,"name_prefix":true,"tags_all":true,"unique_id":true},"before_sensitive":false,"after_sensitive":{"inline_policy":[],"managed_policy_arns":[],"tags_all":{}}}},{"address":"aws_iam_role.prod_backend_task","mode":"managed","type":"aws_iam_role","name":"prod_backend_task","provider_name":"registry.terraform.io/hashicorp/aws","change":{"actions":["create"],"before":null,"after":{"assume_role_policy":"{\"Statement\":[{\"Action\":\"sts:AssumeRole\",\"Effect\":\"Allow\",\"Principal\":{\"Service\":\"ecs-tasks.amazonaws.com\"},\"Sid\":\"\"}],\"Version\":\"2012-10-17\"}","description":null,"force_detach_policies":false,"inline_policy":[{"name":"prod-backend-task-ssmmessages","policy":"{\"Statement\":[{\"Action\":[\"ssmmessages:CreateControlChannel\",\"ssmmessages:CreateDataChannel\",\"ssmmessages:OpenControlChannel\",\"ssmmessages:OpenDataChannel\"],\"Effect\":\"Allow\",\"Resource\":\"*\"}],\"Version\":\"2012-10-17\"}"}],"max_session_duration":3600,"name":"prod-backend-task","path":"/","permissions_boundary":null,"tags":null},"after_unknown":{"arn":true,"create_date":true,"id":true,"inline_policy":[{}],"managed_policy_arns":true,"name_prefix":true,"tags_all":true,"unique_id":true},"before_sensitive":false,"after_sensitive":{"inline_policy":[{}],"managed_policy_arns":[],"tags_all":{}}}},{"address":"aws_iam_role_policy_attachment.ecs-task-execution-role-policy-attachment","mode":"managed","type":"aws_iam_role_policy_attachment","name":"ecs-task-execution-role-policy-attachment","provider_name":"registry.terraform.io/hashicorp/aws","change":{"actions":["create"],"before":null,"after":{"policy_arn":"arn:aws:iam::aws:policy/service-role/AmazonECSTaskExecutionRolePolicy","role":"ecs-task-execution"},"after_unknown":{"id":true},"before_sensitive":false,"after_sensitive":{}}},{"address":"aws_internet_gateway.prod","mode":"managed","type":"aws_internet_gateway","name":"prod","provider_name":"registry.terraform.io/hashicorp/aws","change":{"actions":["create"],"before":null,"after":{"tags":null,"timeouts":null},"after_unknown":{"arn":true,"id":true,"owner_id":true,"tags_all":true,"vpc_id":true},"before_sensitive":false,"after_sensitive":{"tags_all":{}}}},{"address":"aws_lb.prod","mode":"managed","type":"aws_lb","name":"prod","provider_name":"registry.terraform.io/hashicorp/aws","change":{"actions":["create"],"before":null,"after":{"access_logs":[],"customer_owned_ipv4_pool":null,"desync_mitigation_mode":"defensive","drop_invalid_header_fields":false,"enable_cross_zone_load_balancing":null,"enable_deletion_protection":false,"enable_http2":true,"enable_waf_fail_open":false,"idle_timeout":60,"internal":false,"load_balancer_type":"application","name":"prod","name_prefix":null,"preserve_host_header":false,"tags":null,"timeouts":null},"after_unknown":{"access_logs":[],"arn":true,"arn_suffix":true,"dns_name":true,"id":true,"ip_address_type":true,"security_groups":true,"subnet_mapping":true,"subnets":true,"tags_all":true,"vpc_id":true,"zone_id":true},"before_sensitive":false,"after_sensitive":{"access_logs":[],"security_groups":[],"subnet_mapping":[],"subnets":[],"tags_all":{}}}},{"address":"aws_lb_listener.prod_http","mode":"managed","type":"aws_lb_listener","name":"prod_http","provider_name":"registry.terraform.io/hashicorp/aws","change":{"actions":["create"],"before":null,"after":{"alpn_policy":null,"certificate_arn":null,"default_action":[{"authenticate_cognito":[],"authenticate_oidc":[],"fixed_response":[],"forward":[],"redirect":[],"type":"forward"}],"port":80,"protocol":"HTTP","tags":null,"timeouts":null},"after_unknown":{"arn":true,"default_action":[{"authenticate_cognito":[],"authenticate_oidc":[],"fixed_response":[],"forward":[],"order":true,"redirect":[],"target_group_arn":true}],"id":true,"load_balancer_arn":true,"ssl_policy":true,"tags_all":true},"before_sensitive":false,"after_sensitive":{"default_action":[{"authenticate_cognito":[],"authenticate_oidc":[],"fixed_response":[],"forward":[],"redirect":[]}],"tags_all":{}}}},{"address":"aws_lb_target_group.prod_backend","mode":"managed","type":"aws_lb_target_group","name":"prod_backend","provider_name":"registry.terraform.io/hashicorp/aws","change":{"actions":["create"],"before":null,"after":{"connection_termination":false,"deregistration_delay":"300","health_check":[{"enabled":true,"healthy_threshold":5,"interval":5,"matcher":"200","path":"/","port":"traffic-port","protocol":"HTTP","timeout":2,"unhealthy_threshold":2}],"lambda_multi_value_headers_enabled":false,"name":"prod-backend","name_prefix":null,"port":80,"protocol":"HTTP","proxy_protocol_v2":false,"slow_start":0,"tags":null,"target_type":"ip"},"after_unknown":{"arn":true,"arn_suffix":true,"health_check":[{}],"id":true,"ip_address_type":true,"load_balancing_algorithm_type":true,"preserve_client_ip":true,"protocol_version":true,"stickiness":true,"tags_all":true,"vpc_id":true},"before_sensitive":false,"after_sensitive":{"health_check":[{}],"stickiness":[],"tags_all":{}}}},{"address":"aws_nat_gateway.prod","mode":"managed","type":"aws_nat_gateway","name":"prod","provider_name":"registry.terraform.io/hashicorp/aws","change":{"actions":["create"],"before":null,"after":{"connectivity_type":"public","tags":null},"after_unknown":{"allocation_id":true,"id":true,"network_interface_id":true,"private_ip":true,"public_ip":true,"subnet_id":true,"tags_all":true},"before_sensitive":false,"after_sensitive":{"tags_all":{}}}},{"address":"aws_route.prod_internet_gateway","mode":"managed","type":"aws_route","name":"prod_internet_gateway","provider_name":"registry.terraform.io/hashicorp/aws","change":{"actions":["create"],"before":null,"after":{"carrier_gateway_id":null,"core_network_arn":null,"destination_cidr_block":"0.0.0.0/0","destination_ipv6_cidr_block":null,"destination_prefix_list_id":null,"egress_only_gateway_id":null,"local_gateway_id":null,"nat_gateway_id":null,"timeouts":null,"transit_gateway_id":null,"vpc_endpoint_id":null,"vpc_peering_connection_id":null},"after_unknown":{"gateway_id":true,"id":true,"instance_id":true,"instance_owner_id":true,"network_interface_id":true,"origin":true,"route_table_id":true,"state":true},"before_sensitive":false,"after_sensitive":{}}},{"address":"aws_route.prod_nat_gateway","mode":"managed","type":"aws_route","name":"prod_nat_gateway","provider_name":"registry.terraform.io/hashicorp/aws","change":{"actions":["create"],"before":null,"after":{"carrier_gateway_id":null,"core_network_arn":null,"destination_cidr_block":"0.0.0.0/0","destination_ipv6_cidr_block":null,"destination_prefix_list_id":null,"egress_only_gateway_id":null,"gateway_id":null,"local_gateway_id":null,"timeouts":null,"transit_gateway_id":null,"vpc_endpoint_id":null,"vpc_peering_connection_id":null},"after_unknown":{"id":true,"instance_id":true,"instance_owner_id":true,"nat_gateway_id":true,"network_interface_id":true,"origin":true,"route_table_id":true,"state":true},"before_sensitive":false,"after_sensitive":{}}},{"address":"aws_route_table.prod_private","mode":"managed","type":"aws_route_table","name":"prod_private","provider_name":"registry.terraform.io/hashicorp/aws","change":{"actions":["create"],"before":null,"after":{"tags":null,"timeouts":null},"after_unknown":{"arn":true,"id":true,"owner_id":true,"propagating_vgws":true,"route":true,"tags_all":true,"vpc_id":true},"before_sensitive":false,"after_sensitive":{"propagating_vgws":[],"route":[],"tags_all":{}}}},{"address":"aws_route_table.prod_public","mode":"managed","type":"aws_route_table","name":"prod_public","provider_name":"registry.terraform.io/hashicorp/aws","change":{"actions":["create"],"before":null,"after":{"tags":null,"timeouts":null},"after_unknown":{"arn":true,"id":true,"owner_id":true,"propagating_vgws":true,"route":true,"tags_all":true,"vpc_id":true},"before_sensitive":false,"after_sensitive":{"propagating_vgws":[],"route":[],"tags_all":{}}}},{"address":"aws_route_table_association.private_1","mode":"managed","type":"aws_route_table_association","name":"private_1","provider_name":"registry.terraform.io/hashicorp/aws","change":{"actions":["create"],"before":null,"after":{"gateway_id":null},"after_unknown":{"id":true,"route_table_id":true,"subnet_id":true},"before_sensitive":false,"after_sensitive":{}}},{"address":"aws_route_table_association.private_2","mode":"managed","type":"aws_route_table_association","name":"private_2","provider_name":"registry.terraform.io/hashicorp/aws","change":{"actions":["create"],"before":null,"after":{"gateway_id":null},"after_unknown":{"id":true,"route_table_id":true,"subnet_id":true},"before_sensitive":false,"after_sensitive":{}}},{"address":"aws_route_table_association.prod_public_1","mode":"managed","type":"aws_route_table_association","name":"prod_public_1","provider_name":"registry.terraform.io/hashicorp/aws","change":{"actions":["create"],"before":null,"after":{"gateway_id":null},"after_unknown":{"id":true,"route_table_id":true,"subnet_id":true},"before_sensitive":false,"after_sensitive":{}}},{"address":"aws_route_table_association.prod_public_2","mode":"managed","type":"aws_route_table_association","name":"prod_public_2","provider_name":"registry.terraform.io/hashicorp/aws","change":{"actions":["create"],"before":null,"after":{"gateway_id":null},"after_unknown":{"id":true,"route_table_id":true,"subnet_id":true},"before_sensitive":false,"after_sensitive":{}}},{"address":"aws_security_group.prod_ecs_backend","mode":"managed","type":"aws_security_group","name":"prod_ecs_backend","provider_name":"registry.terraform.io/hashicorp/aws","change":{"actions":["create"],"before":null,"after":{"description":"Managed by Terraform","egress":[{"cidr_blocks":["0.0.0.0/0"],"description":"","from_port":0,"ipv6_cidr_blocks":[],"prefix_list_ids":[],"protocol":"-1","security_groups":[],"self":false,"to_port":0}],"ingress":[{"cidr_blocks":[],"description":"","from_port":0,"ipv6_cidr_blocks":[],"prefix_list_ids":[],"protocol":"-1","self":false,"to_port":0}],"name":"prod-ecs-backend","revoke_rules_on_delete":false,"tags":null,"timeouts":null},"after_unknown":{"arn":true,"egress":[{"cidr_blocks":[false],"ipv6_cidr_blocks":[],"prefix_list_ids":[],"security_groups":[]}],"id":true,"ingress":[{"cidr_blocks":[],"ipv6_cidr_blocks":[],"prefix_list_ids":[],"security_groups":true}],"name_prefix":true,"owner_id":true,"tags_all":true,"vpc_id":true},"before_sensitive":false,"after_sensitive":{"egress":[{"cidr_blocks":[false],"ipv6_cidr_blocks":[],"prefix_list_ids":[],"security_groups":[]}],"ingress":[{"cidr_blocks":[],"ipv6_cidr_blocks":[],"prefix_list_ids":[],"security_groups":[]}],"tags_all":{}}}},{"address":"aws_security_group.prod_lb","mode":"managed","type":"aws_security_group","name":"prod_lb","provider_name":"registry.terraform.io/hashicorp/aws","change":{"actions":["create"],"before":null,"after":{"description":"Controls access to the ALB","egress":[{"cidr_blocks":["0.0.0.0/0"],"description":"","from_port":0,"ipv6_cidr_blocks":[],"prefix_list_ids":[],"protocol":"-1","security_groups":[],"self":false,"to_port":0}],"ingress":[{"cidr_blocks":["0.0.0.0/0"],"description":"","from_port":443,"ipv6_cidr_blocks":[],"prefix_list_ids":[],"protocol":"tcp","security_groups":[],"self":false,"to_port":443},{"cidr_blocks":["0.0.0.0/0"],"description":"","from_port":80,"ipv6_cidr_blocks":[],"prefix_list_ids":[],"protocol":"tcp","security_groups":[],"self":false,"to_port":80}],"name":"prod-lb","revoke_rules_on_delete":false,"tags":null,"timeouts":null},"after_unknown":{"arn":true,"egress":[{"cidr_blocks":[false],"ipv6_cidr_blocks":[],"prefix_list_ids":[],"security_groups":[]}],"id":true,"ingress":[{"cidr_blocks":[false],"ipv6_cidr_blocks":[],"prefix_list_ids":[],"security_groups":[]},{"cidr_blocks":[false],"ipv6_cidr_blocks":[],"prefix_list_ids":[],"security_groups":[]}],"name_prefix":true,"owner_id":true,"tags_all":true,"vpc_id":true},"before_sensitive":false,"after_sensitive":{"egress":[{"cidr_blocks":[false],"ipv6_cidr_blocks":[],"prefix_list_ids":[],"security_groups":[]}],"ingress":[{"cidr_blocks":[false],"ipv6_cidr_blocks":[],"prefix_list_ids":[],"security_groups":[]},{"cidr_blocks":[false],"ipv6_cidr_blocks":[],"prefix_list_ids":[],"security_groups":[]}],"tags_all":{}}}},{"address":"aws_security_group.rds_prod","mode":"managed","type":"aws_security_group","name":"rds_prod","provider_name":"registry.terraform.io/hashicorp/aws","change":{"actions":["create"],"before":null,"after":{"description":"Managed by Terraform","egress":[{"cidr_blocks":["0.0.0.0/0"],"description":"","from_port":0,"ipv6_cidr_blocks":[],"prefix_list_ids":[],"protocol":"-1","security_groups":[],"self":false,"to_port":0}],"ingress":[{"cidr_blocks":[],"description":"","from_port":5432,"ipv6_cidr_blocks":[],"prefix_list_ids":[],"protocol":"tcp","self":false,"to_port":5432}],"name":"rds-prod","revoke_rules_on_delete":false,"tags":null,"timeouts":null},"after_unknown":{"arn":true,"egress":[{"cidr_blocks":[false],"ipv6_cidr_blocks":[],"prefix_list_ids":[],"security_groups":[]}],"id":true,"ingress":[{"cidr_blocks":[],"ipv6_cidr_blocks":[],"prefix_list_ids":[],"security_groups":true}],"name_prefix":true,"owner_id":true,"tags_all":true,"vpc_id":true},"before_sensitive":false,"after_sensitive":{"egress":[{"cidr_blocks":[false],"ipv6_cidr_blocks":[],"prefix_list_ids":[],"security_groups":[]}],"ingress":[{"cidr_blocks":[],"ipv6_cidr_blocks":[],"prefix_list_ids":[],"security_groups":[]}],"tags_all":{}}}},{"address":"aws_subnet.prod_private_1","mode":"managed","type":"aws_subnet","name":"prod_private_1","provider_name":"registry.terraform.io/hashicorp/aws","change":{"actions":["create"],"before":null,"after":{"assign_ipv6_address_on_creation":false,"availability_zone":"us-east-2a","cidr_block":"10.0.3.0/24","customer_owned_ipv4_pool":null,"enable_dns64":false,"enable_resource_name_dns_a_record_on_launch":false,"enable_resource_name_dns_aaaa_record_on_launch":false,"ipv6_cidr_block":null,"ipv6_native":false,"map_customer_owned_ip_on_launch":null,"map_public_ip_on_launch":false,"outpost_arn":null,"tags":{"Name":"prod-private-1"},"tags_all":{"Name":"prod-private-1"},"timeouts":null},"after_unknown":{"arn":true,"availability_zone_id":true,"id":true,"ipv6_cidr_block_association_id":true,"owner_id":true,"private_dns_hostname_type_on_launch":true,"tags":{},"tags_all":{},"vpc_id":true},"before_sensitive":false,"after_sensitive":{"tags":{},"tags_all":{}}}},{"address":"aws_subnet.prod_private_2","mode":"managed","type":"aws_subnet","name":"prod_private_2","provider_name":"registry.terraform.io/hashicorp/aws","change":{"actions":["create"],"before":null,"after":{"assign_ipv6_address_on_creation":false,"availability_zone":"us-east-2c","cidr_block":"10.0.4.0/24","customer_owned_ipv4_pool":null,"enable_dns64":false,"enable_resource_name_dns_a_record_on_launch":false,"enable_resource_name_dns_aaaa_record_on_launch":false,"ipv6_cidr_block":null,"ipv6_native":false,"map_customer_owned_ip_on_launch":null,"map_public_ip_on_launch":false,"outpost_arn":null,"tags":{"Name":"prod-private-2"},"tags_all":{"Name":"prod-private-2"},"timeouts":null},"after_unknown":{"arn":true,"availability_zone_id":true,"id":true,"ipv6_cidr_block_association_id":true,"owner_id":true,"private_dns_hostname_type_on_launch":true,"tags":{},"tags_all":{},"vpc_id":true},"before_sensitive":false,"after_sensitive":{"tags":{},"tags_all":{}}}},{"address":"aws_subnet.prod_public_1","mode":"managed","type":"aws_subnet","name":"prod_public_1","provider_name":"registry.terraform.io/hashicorp/aws","change":{"actions":["create"],"before":null,"after":{"assign_ipv6_address_on_creation":false,"availability_zone":"us-east-2a","cidr_block":"10.0.1.0/24","customer_owned_ipv4_pool":null,"enable_dns64":false,"enable_resource_name_dns_a_record_on_launch":false,"enable_resource_name_dns_aaaa_record_on_launch":false,"ipv6_cidr_block":null,"ipv6_native":false,"map_customer_owned_ip_on_launch":null,"map_public_ip_on_launch":false,"outpost_arn":null,"tags":{"Name":"prod-public-1"},"tags_all":{"Name":"prod-public-1"},"timeouts":null},"after_unknown":{"arn":true,"availability_zone_id":true,"id":true,"ipv6_cidr_block_association_id":true,"owner_id":true,"private_dns_hostname_type_on_launch":true,"tags":{},"tags_all":{},"vpc_id":true},"before_sensitive":false,"after_sensitive":{"tags":{},"tags_all":{}}}},{"address":"aws_subnet.prod_public_2","mode":"managed","type":"aws_subnet","name":"prod_public_2","provider_name":"registry.terraform.io/hashicorp/aws","change":{"actions":["create"],"before":null,"after":{"assign_ipv6_address_on_creation":false,"availability_zone":"us-east-2c","cidr_block":"10.0.2.0/24","customer_owned_ipv4_pool":null,"enable_dns64":false,"enable_resource_name_dns_a_record_on_launch":false,"enable_resource_name_dns_aaaa_record_on_launch":false,"ipv6_cidr_block":null,"ipv6_native":false,"map_customer_owned_ip_on_launch":null,"map_public_ip_on_launch":false,"outpost_arn":null,"tags":{"Name":"prod-public-2"},"tags_all":{"Name":"prod-public-2"},"timeouts":null},"after_unknown":{"arn":true,"availability_zone_id":true,"id":true,"ipv6_cidr_block_association_id":true,"owner_id":true,"private_dns_hostname_type_on_launch":true,"tags":{},"tags_all":{},"vpc_id":true},"before_sensitive":false,"after_sensitive":{"tags":{},"tags_all":{}}}},{"address":"aws_vpc.prod","mode":"managed","type":"aws_vpc","name":"prod","provider_name":"registry.terraform.io/hashicorp/aws","change":{"actions":["create"],"before":null,"after":{"assign_generated_ipv6_cidr_block":null,"cidr_block":"10.0.0.0/16","enable_dns_hostnames":true,"enable_dns_support":true,"instance_tenancy":"default","ipv4_ipam_pool_id":null,"ipv4_netmask_length":null,"ipv6_ipam_pool_id":null,"ipv6_netmask_length":null,"tags":null},"after_unknown":{"arn":true,"default_network_acl_id":true,"default_route_table_id":true,"default_security_group_id":true,"dhcp_options_id":true,"enable_classiclink":true,"enable_classiclink_dns_support":true,"id":true,"ipv6_association_id":true,"ipv6_cidr_block":true,"ipv6_cidr_block_network_border_group":true,"main_route_table_id":true,"owner_id":true,"tags_all":true},"before_sensitive":false,"after_sensitive":{"tags_all":{}}}}],"output_changes":{"prod_lb_domain":{"actions":["create"],"before":null,"after_unknown":true,"before_sensitive":false,"after_sensitive":false}},"configuration":{"provider_config":{"aws":{"name":"aws","full_name":"registry.terraform.io/hashicorp/aws","expressions":{"access_key":{"references":["var.access_key"]},"region":{"references":["var.region"]},"secret_key":{"references":["var.secret_key"]}}}},"root_module":{"outputs":{"prod_lb_domain":{"expression":{"references":["aws_lb.prod.dns_name","aws_lb.prod"]}}},"resources":[{"address":"aws_cloudwatch_log_group.prod_backend","mode":"managed","type":"aws_cloudwatch_log_group","name":"prod_backend","provider_config_key":"aws","expressions":{"name":{"constant_value":"prod-backend"},"retention_in_days":{"references":["var.ecs_prod_backend_retention_days"]}},"schema_version":0},{"address":"aws_cloudwatch_log_stream.prod_backend_web","mode":"managed","type":"aws_cloudwatch_log_stream","name":"prod_backend_web","provider_config_key":"aws","expressions":{"log_group_name":{"references":["aws_cloudwatch_log_group.prod_backend.name","aws_cloudwatch_log_group.prod_backend"]},"name":{"constant_value":"prod-backend-web"}},"schema_version":0},{"address":"aws_db_instance.prod","mode":"managed","type":"aws_db_instance","name":"prod","provider_config_key":"aws","expressions":{"allocated_storage":{"constant_value":"20"},"backup_retention_period":{"constant_value":5},"db_name":{"references":["var.prod_rds_db_name"]},"db_subnet_group_name":{"references":["aws_db_subnet_group.prod.name","aws_db_subnet_group.prod"]},"engine":{"constant_value":"postgres"},"engine_version":{"constant_value":"14.3"},"identifier":{"constant_value":"prod"},"instance_class":{"references":["var.prod_rds_instance_class"]},"multi_az":{"constant_value":false},"password":{"references":["var.prod_rds_password"]},"port":{"constant_value":"5432"},"publicly_accessible":{"constant_value":false},"skip_final_snapshot":{"constant_value":true},"storage_encrypted":{"constant_value":false},"storage_type":{"constant_value":"gp2"},"username":{"references":["var.prod_rds_username"]},"vpc_security_group_ids":{"references":["aws_security_group.rds_prod.id","aws_security_group.rds_prod"]}},"schema_version":1},{"address":"aws_db_subnet_group.prod","mode":"managed","type":"aws_db_subnet_group","name":"prod","provider_config_key":"aws","expressions":{"name":{"constant_value":"prod"},"subnet_ids":{"references":["aws_subnet.prod_private_1.id","aws_subnet.prod_private_1","aws_subnet.prod_private_2.id","aws_subnet.prod_private_2"]}},"schema_version":0},{"address":"aws_ecr_repository.backend","mode":"managed","type":"aws_ecr_repository","name":"backend","provider_config_key":"aws","expressions":{"image_tag_mutability":{"constant_value":"MUTABLE"},"name":{"references":["var.project_name"]}},"schema_version":0},{"address":"aws_ecs_cluster.prod","mode":"managed","type":"aws_ecs_cluster","name":"prod","provider_config_key":"aws","expressions":{"name":{"constant_value":"prod"}},"schema_version":0},{"address":"aws_ecs_service.prod_backend_web","mode":"managed","type":"aws_ecs_service","name":"prod_backend_web","provider_config_key":"aws","expressions":{"cluster":{"references":["aws_ecs_cluster.prod.id","aws_ecs_cluster.prod"]},"deployment_maximum_percent":{"constant_value":200},"deployment_minimum_healthy_percent":{"constant_value":50},"desired_count":{"constant_value":1},"enable_execute_command":{"constant_value":true},"launch_type":{"constant_value":"FARGATE"},"load_balancer":[{"container_name":{"constant_value":"prod-backend-web"},"container_port":{"constant_value":8000},"target_group_arn":{"references":["aws_lb_target_group.prod_backend.arn","aws_lb_target_group.prod_backend"]}}],"name":{"constant_value":"prod-backend-web"},"network_configuration":[{"assign_public_ip":{"constant_value":false},"security_groups":{"references":["aws_security_group.prod_ecs_backend.id","aws_security_group.prod_ecs_backend"]},"subnets":{"references":["aws_subnet.prod_private_1.id","aws_subnet.prod_private_1","aws_subnet.prod_private_2.id","aws_subnet.prod_private_2"]}}],"scheduling_strategy":{"constant_value":"REPLICA"},"task_definition":{"references":["aws_ecs_task_definition.prod_backend_web.arn","aws_ecs_task_definition.prod_backend_web"]}},"schema_version":0},{"address":"aws_ecs_task_definition.prod_backend_web","mode":"managed","type":"aws_ecs_task_definition","name":"prod_backend_web","provider_config_key":"aws","expressions":{"container_definitions":{"references":["var.region","aws_ecr_repository.backend.repository_url","aws_ecr_repository.backend","aws_cloudwatch_log_group.prod_backend.name","aws_cloudwatch_log_group.prod_backend","aws_cloudwatch_log_stream.prod_backend_web.name","aws_cloudwatch_log_stream.prod_backend_web","var.prod_rds_db_name","var.prod_rds_username","var.prod_rds_password","aws_db_instance.prod.address","aws_db_instance.prod"]},"cpu":{"constant_value":512},"execution_role_arn":{"references":["aws_iam_role.ecs_task_execution.arn","aws_iam_role.ecs_task_execution"]},"family":{"constant_value":"backend-web"},"memory":{"constant_value":1024},"network_mode":{"constant_value":"awsvpc"},"requires_compatibilities":{"constant_value":["FARGATE"]},"task_role_arn":{"references":["aws_iam_role.prod_backend_task.arn","aws_iam_role.prod_backend_task"]}},"schema_version":1},{"address":"aws_eip.prod_nat_gateway","mode":"managed","type":"aws_eip","name":"prod_nat_gateway","provider_config_key":"aws","expressions":{"associate_with_private_ip":{"constant_value":"10.0.0.5"},"vpc":{"constant_value":true}},"schema_version":0,"depends_on":["aws_internet_gateway.prod"]},{"address":"aws_iam_role.ecs_task_execution","mode":"managed","type":"aws_iam_role","name":"ecs_task_execution","provider_config_key":"aws","expressions":{"assume_role_policy":{},"name":{"constant_value":"ecs-task-execution"}},"schema_version":0},{"address":"aws_iam_role.prod_backend_task","mode":"managed","type":"aws_iam_role","name":"prod_backend_task","provider_config_key":"aws","expressions":{"assume_role_policy":{},"inline_policy":[{"name":{"constant_value":"prod-backend-task-ssmmessages"},"policy":{}}],"name":{"constant_value":"prod-backend-task"}},"schema_version":0},{"address":"aws_iam_role_policy_attachment.ecs-task-execution-role-policy-attachment","mode":"managed","type":"aws_iam_role_policy_attachment","name":"ecs-task-execution-role-policy-attachment","provider_config_key":"aws","expressions":{"policy_arn":{"constant_value":"arn:aws:iam::aws:policy/service-role/AmazonECSTaskExecutionRolePolicy"},"role":{"references":["aws_iam_role.ecs_task_execution.name","aws_iam_role.ecs_task_execution"]}},"schema_version":0},{"address":"aws_internet_gateway.prod","mode":"managed","type":"aws_internet_gateway","name":"prod","provider_config_key":"aws","expressions":{"vpc_id":{"references":["aws_vpc.prod.id","aws_vpc.prod"]}},"schema_version":0},{"address":"aws_lb.prod","mode":"managed","type":"aws_lb","name":"prod","provider_config_key":"aws","expressions":{"internal":{"constant_value":false},"load_balancer_type":{"constant_value":"application"},"name":{"constant_value":"prod"},"security_groups":{"references":["aws_security_group.prod_lb.id","aws_security_group.prod_lb"]},"subnets":{"references":["aws_subnet.prod_public_1.id","aws_subnet.prod_public_1","aws_subnet.prod_public_2.id","aws_subnet.prod_public_2"]}},"schema_version":0},{"address":"aws_lb_listener.prod_http","mode":"managed","type":"aws_lb_listener","name":"prod_http","provider_config_key":"aws","expressions":{"default_action":[{"target_group_arn":{"references":["aws_lb_target_group.prod_backend.arn","aws_lb_target_group.prod_backend"]},"type":{"constant_value":"forward"}}],"load_balancer_arn":{"references":["aws_lb.prod.id","aws_lb.prod"]},"port":{"constant_value":"80"},"protocol":{"constant_value":"HTTP"}},"schema_version":0,"depends_on":["aws_lb_target_group.prod_backend"]},{"address":"aws_lb_target_group.prod_backend","mode":"managed","type":"aws_lb_target_group","name":"prod_backend","provider_config_key":"aws","expressions":{"health_check":[{"healthy_threshold":{"constant_value":5},"interval":{"constant_value":5},"matcher":{"constant_value":"200"},"path":{"constant_value":"/"},"port":{"constant_value":"traffic-port"},"timeout":{"constant_value":2},"unhealthy_threshold":{"constant_value":2}}],"name":{"constant_value":"prod-backend"},"port":{"constant_value":80},"protocol":{"constant_value":"HTTP"},"target_type":{"constant_value":"ip"},"vpc_id":{"references":["aws_vpc.prod.id","aws_vpc.prod"]}},"schema_version":0},{"address":"aws_nat_gateway.prod","mode":"managed","type":"aws_nat_gateway","name":"prod","provider_config_key":"aws","expressions":{"allocation_id":{"references":["aws_eip.prod_nat_gateway.id","aws_eip.prod_nat_gateway"]},"subnet_id":{"references":["aws_subnet.prod_public_1.id","aws_subnet.prod_public_1"]}},"schema_version":0},{"address":"aws_route.prod_internet_gateway","mode":"managed","type":"aws_route","name":"prod_internet_gateway","provider_config_key":"aws","expressions":{"destination_cidr_block":{"constant_value":"0.0.0.0/0"},"gateway_id":{"references":["aws_internet_gateway.prod.id","aws_internet_gateway.prod"]},"route_table_id":{"references":["aws_route_table.prod_public.id","aws_route_table.prod_public"]}},"schema_version":0},{"address":"aws_route.prod_nat_gateway","mode":"managed","type":"aws_route","name":"prod_nat_gateway","provider_config_key":"aws","expressions":{"destination_cidr_block":{"constant_value":"0.0.0.0/0"},"nat_gateway_id":{"references":["aws_nat_gateway.prod.id","aws_nat_gateway.prod"]},"route_table_id":{"references":["aws_route_table.prod_private.id","aws_route_table.prod_private"]}},"schema_version":0},{"address":"aws_route_table.prod_private","mode":"managed","type":"aws_route_table","name":"prod_private","provider_config_key":"aws","expressions":{"vpc_id":{"references":["aws_vpc.prod.id","aws_vpc.prod"]}},"schema_version":0},{"address":"aws_route_table.prod_public","mode":"managed","type":"aws_route_table","name":"prod_public","provider_config_key":"aws","expressions":{"vpc_id":{"references":["aws_vpc.prod.id","aws_vpc.prod"]}},"schema_version":0},{"address":"aws_route_table_association.private_1","mode":"managed","type":"aws_route_table_association","name":"private_1","provider_config_key":"aws","expressions":{"route_table_id":{"references":["aws_route_table.prod_private.id","aws_route_table.prod_private"]},"subnet_id":{"references":["aws_subnet.prod_private_1.id","aws_subnet.prod_private_1"]}},"schema_version":0},{"address":"aws_route_table_association.private_2","mode":"managed","type":"aws_route_table_association","name":"private_2","provider_config_key":"aws","expressions":{"route_table_id":{"references":["aws_route_table.prod_private.id","aws_route_table.prod_private"]},"subnet_id":{"references":["aws_subnet.prod_private_2.id","aws_subnet.prod_private_2"]}},"schema_version":0},{"address":"aws_route_table_association.prod_public_1","mode":"managed","type":"aws_route_table_association","name":"prod_public_1","provider_config_key":"aws","expressions":{"route_table_id":{"references":["aws_route_table.prod_public.id","aws_route_table.prod_public"]},"subnet_id":{"references":["aws_subnet.prod_public_1.id","aws_subnet.prod_public_1"]}},"schema_version":0},{"address":"aws_route_table_association.prod_public_2","mode":"managed","type":"aws_route_table_association","name":"prod_public_2","provider_config_key":"aws","expressions":{"route_table_id":{"references":["aws_route_table.prod_public.id","aws_route_table.prod_public"]},"subnet_id":{"references":["aws_subnet.prod_public_2.id","aws_subnet.prod_public_2"]}},"schema_version":0},{"address":"aws_security_group.prod_ecs_backend","mode":"managed","type":"aws_security_group","name":"prod_ecs_backend","provider_config_key":"aws","expressions":{"egress":{"constant_value":[{"cidr_blocks":["0.0.0.0/0"],"description":null,"from_port":0,"ipv6_cidr_blocks":null,"prefix_list_ids":null,"protocol":"-1","security_groups":null,"self":null,"to_port":0}]},"ingress":{"references":["aws_security_group.prod_lb.id","aws_security_group.prod_lb"]},"name":{"constant_value":"prod-ecs-backend"},"vpc_id":{"references":["aws_vpc.prod.id","aws_vpc.prod"]}},"schema_version":1},{"address":"aws_security_group.prod_lb","mode":"managed","type":"aws_security_group","name":"prod_lb","provider_config_key":"aws","expressions":{"description":{"constant_value":"Controls access to the ALB"},"egress":{"constant_value":[{"cidr_blocks":["0.0.0.0/0"],"description":null,"from_port":0,"ipv6_cidr_blocks":null,"prefix_list_ids":null,"protocol":"-1","security_groups":null,"self":null,"to_port":0}]},"ingress":{"constant_value":[{"cidr_blocks":["0.0.0.0/0"],"description":null,"from_port":80,"ipv6_cidr_blocks":null,"prefix_list_ids":null,"protocol":"tcp","security_groups":null,"self":null,"to_port":80},{"cidr_blocks":["0.0.0.0/0"],"description":null,"from_port":443,"ipv6_cidr_blocks":null,"prefix_list_ids":null,"protocol":"tcp","security_groups":null,"self":null,"to_port":443}]},"name":{"constant_value":"prod-lb"},"vpc_id":{"references":["aws_vpc.prod.id","aws_vpc.prod"]}},"schema_version":1},{"address":"aws_security_group.rds_prod","mode":"managed","type":"aws_security_group","name":"rds_prod","provider_config_key":"aws","expressions":{"egress":{"constant_value":[{"cidr_blocks":["0.0.0.0/0"],"description":null,"from_port":0,"ipv6_cidr_blocks":null,"prefix_list_ids":null,"protocol":"-1","security_groups":null,"self":null,"to_port":0}]},"ingress":{"references":["aws_security_group.prod_ecs_backend.id","aws_security_group.prod_ecs_backend"]},"name":{"constant_value":"rds-prod"},"vpc_id":{"references":["aws_vpc.prod.id","aws_vpc.prod"]}},"schema_version":1},{"address":"aws_subnet.prod_private_1","mode":"managed","type":"aws_subnet","name":"prod_private_1","provider_config_key":"aws","expressions":{"availability_zone":{"references":["var.availability_zones[0]","var.availability_zones"]},"cidr_block":{"constant_value":"10.0.3.0/24"},"tags":{"constant_value":{"Name":"prod-private-1"}},"vpc_id":{"references":["aws_vpc.prod.id","aws_vpc.prod"]}},"schema_version":1},{"address":"aws_subnet.prod_private_2","mode":"managed","type":"aws_subnet","name":"prod_private_2","provider_config_key":"aws","expressions":{"availability_zone":{"references":["var.availability_zones[1]","var.availability_zones"]},"cidr_block":{"constant_value":"10.0.4.0/24"},"tags":{"constant_value":{"Name":"prod-private-2"}},"vpc_id":{"references":["aws_vpc.prod.id","aws_vpc.prod"]}},"schema_version":1},{"address":"aws_subnet.prod_public_1","mode":"managed","type":"aws_subnet","name":"prod_public_1","provider_config_key":"aws","expressions":{"availability_zone":{"references":["var.availability_zones[0]","var.availability_zones"]},"cidr_block":{"constant_value":"10.0.1.0/24"},"tags":{"constant_value":{"Name":"prod-public-1"}},"vpc_id":{"references":["aws_vpc.prod.id","aws_vpc.prod"]}},"schema_version":1},{"address":"aws_subnet.prod_public_2","mode":"managed","type":"aws_subnet","name":"prod_public_2","provider_config_key":"aws","expressions":{"availability_zone":{"references":["var.availability_zones[1]","var.availability_zones"]},"cidr_block":{"constant_value":"10.0.2.0/24"},"tags":{"constant_value":{"Name":"prod-public-2"}},"vpc_id":{"references":["aws_vpc.prod.id","aws_vpc.prod"]}},"schema_version":1},{"address":"aws_vpc.prod","mode":"managed","type":"aws_vpc","name":"prod","provider_config_key":"aws","expressions":{"cidr_block":{"constant_value":"10.0.0.0/16"},"enable_dns_hostnames":{"constant_value":true},"enable_dns_support":{"constant_value":true}},"schema_version":1}],"variables":{"access_key":{"default":"AKIAX2DFMAKP65JT4OOF","description":"access_key"},"availability_zones":{"default":["us-east-2a","us-east-2c"],"description":"Availability zones"},"ecs_prod_backend_retention_days":{"default":30,"description":"Retention period for backend logs"},"prod_rds_db_name":{"default":"django_aws","description":"RDS database name"},"prod_rds_instance_class":{"default":"db.t4g.micro","description":"RDS instance type"},"prod_rds_password":{"default":"postgres","description":"postgres password for production DB"},"prod_rds_username":{"default":"django_aws","description":"RDS database username"},"project_name":{"default":"django-aws","description":"Project name to use in resource names"},"region":{"default":"us-east-2","description":"The AWS region to create resources in."},"secret_key":{"default":"NMfcaRMGhAhO1mISCdoptGSVCccxbnd/gqCaNR98","description":"secret_key"}}}},"relevant_attributes":[{"resource":"aws_eip.prod_nat_gateway","attribute":["id"]},{"resource":"aws_security_group.prod_ecs_backend","attribute":["id"]},{"resource":"aws_security_group.rds_prod","attribute":["id"]},{"resource":"aws_ecr_repository.backend","attribute":["repository_url"]},{"resource":"aws_cloudwatch_log_stream.prod_backend_web","attribute":["name"]},{"resource":"aws_iam_role.ecs_task_execution","attribute":["name"]},{"resource":"aws_route_table.prod_private","attribute":["id"]},{"resource":"aws_subnet.prod_private_2","attribute":["id"]},{"resource":"aws_db_subnet_group.prod","attribute":["name"]},{"resource":"aws_subnet.prod_private_1","attribute":["id"]},{"resource":"aws_nat_gateway.prod","attribute":["id"]},{"resource":"aws_security_group.prod_lb","attribute":["id"]},{"resource":"aws_lb.prod","attribute":["id"]},{"resource":"aws_lb.prod","attribute":["dns_name"]},{"resource":"aws_vpc.prod","attribute":["id"]},{"resource":"aws_route_table.prod_public","attribute":["id"]},{"resource":"aws_internet_gateway.prod","attribute":["id"]},{"resource":"aws_lb_target_group.prod_backend","attribute":["arn"]},{"resource":"aws_iam_role.prod_backend_task","attribute":["arn"]},{"resource":"aws_db_instance.prod","attribute":["address"]},{"resource":"aws_iam_role.ecs_task_execution","attribute":["arn"]},{"resource":"aws_ecs_task_definition.prod_backend_web","attribute":["arn"]},{"resource":"aws_cloudwatch_log_group.prod_backend","attribute":["name"]},{"resource":"aws_subnet.prod_public_1","attribute":["id"]},{"resource":"aws_subnet.prod_public_2","attribute":["id"]},{"resource":"aws_ecs_cluster.prod","attribute":["id"]}]}
